
Microsoft Visual Studio Solution File, Format Version 12.00
# Visual Studio 15
VisualStudioVersion = 15.0.26124.0
MinimumVisualStudioVersion = 15.0.26124.0
Project("{FAE04EC0-301F-11D3-BF4B-00C04F79EFBC}") = "GalacticSpaceTransitAuthority", "GalacticSpaceTransitAuthority\GalacticSpaceTransitAuthority.csproj", "{36C3C925-5579-48EF-B07F-5E26F28C598B}"
EndProject
Project("{FAE04EC0-301F-11D3-BF4B-00C04F79EFBC}") = "Cosmo.Presentation", "Cosmo.Presentation\Cosmo.Presentation.csproj", "{C2B8A0CF-AFCC-41BA-940A-31195BB67209}"
EndProject
Project("{FAE04EC0-301F-11D3-BF4B-00C04F79EFBC}") = "Cosmo.Domain", "Cosmo.Domain\Cosmo.Domain.csproj", "{7F002F26-2CB7-4231-9573-46674A1B6B07}"
EndProject
Project("{FAE04EC0-301F-11D3-BF4B-00C04F79EFBC}") = "Cosmo.Test", "Cosmo.Test\Cosmo.Test.csproj", "{AC9FD5B0-EBB0-448C-851A-5C9FBA788127}"
EndProject
Global
	GlobalSection(SolutionConfigurationPlatforms) = preSolution
		Debug|Any CPU = Debug|Any CPU
		Debug|x64 = Debug|x64
		Debug|x86 = Debug|x86
		Release|Any CPU = Release|Any CPU
		Release|x64 = Release|x64
		Release|x86 = Release|x86
	EndGlobalSection
	GlobalSection(SolutionProperties) = preSolution
		HideSolutionNode = FALSE
	EndGlobalSection
	GlobalSection(ProjectConfigurationPlatforms) = postSolution
		{36C3C925-5579-48EF-B07F-5E26F28C598B}.Debug|Any CPU.ActiveCfg = Debug|Any CPU
		{36C3C925-5579-48EF-B07F-5E26F28C598B}.Debug|Any CPU.Build.0 = Debug|Any CPU
		{36C3C925-5579-48EF-B07F-5E26F28C598B}.Debug|x64.ActiveCfg = Debug|Any CPU
		{36C3C925-5579-48EF-B07F-5E26F28C598B}.Debug|x64.Build.0 = Debug|Any CPU
		{36C3C925-5579-48EF-B07F-5E26F28C598B}.Debug|x86.ActiveCfg = Debug|Any CPU
		{36C3C925-5579-48EF-B07F-5E26F28C598B}.Debug|x86.Build.0 = Debug|Any CPU
		{36C3C925-5579-48EF-B07F-5E26F28C598B}.Release|Any CPU.ActiveCfg = Release|Any CPU
		{36C3C925-5579-48EF-B07F-5E26F28C598B}.Release|Any CPU.Build.0 = Release|Any CPU
		{36C3C925-5579-48EF-B07F-5E26F28C598B}.Release|x64.ActiveCfg = Release|Any CPU
		{36C3C925-5579-48EF-B07F-5E26F28C598B}.Release|x64.Build.0 = Release|Any CPU
		{36C3C925-5579-48EF-B07F-5E26F28C598B}.Release|x86.ActiveCfg = Release|Any CPU
		{36C3C925-5579-48EF-B07F-5E26F28C598B}.Release|x86.Build.0 = Release|Any CPU
		{C2B8A0CF-AFCC-41BA-940A-31195BB67209}.Debug|Any CPU.ActiveCfg = Debug|Any CPU
		{C2B8A0CF-AFCC-41BA-940A-31195BB67209}.Debug|Any CPU.Build.0 = Debug|Any CPU
		{C2B8A0CF-AFCC-41BA-940A-31195BB67209}.Debug|x64.ActiveCfg = Debug|Any CPU
		{C2B8A0CF-AFCC-41BA-940A-31195BB67209}.Debug|x64.Build.0 = Debug|Any CPU
		{C2B8A0CF-AFCC-41BA-940A-31195BB67209}.Debug|x86.ActiveCfg = Debug|Any CPU
		{C2B8A0CF-AFCC-41BA-940A-31195BB67209}.Debug|x86.Build.0 = Debug|Any CPU
		{C2B8A0CF-AFCC-41BA-940A-31195BB67209}.Release|Any CPU.ActiveCfg = Release|Any CPU
		{C2B8A0CF-AFCC-41BA-940A-31195BB67209}.Release|Any CPU.Build.0 = Release|Any CPU
		{C2B8A0CF-AFCC-41BA-940A-31195BB67209}.Release|x64.ActiveCfg = Release|Any CPU
		{C2B8A0CF-AFCC-41BA-940A-31195BB67209}.Release|x64.Build.0 = Release|Any CPU
		{C2B8A0CF-AFCC-41BA-940A-31195BB67209}.Release|x86.ActiveCfg = Release|Any CPU
		{C2B8A0CF-AFCC-41BA-940A-31195BB67209}.Release|x86.Build.0 = Release|Any CPU
		{7F002F26-2CB7-4231-9573-46674A1B6B07}.Debug|Any CPU.ActiveCfg = Debug|Any CPU
		{7F002F26-2CB7-4231-9573-46674A1B6B07}.Debug|Any CPU.Build.0 = Debug|Any CPU
		{7F002F26-2CB7-4231-9573-46674A1B6B07}.Debug|x64.ActiveCfg = Debug|Any CPU
		{7F002F26-2CB7-4231-9573-46674A1B6B07}.Debug|x64.Build.0 = Debug|Any CPU
		{7F002F26-2CB7-4231-9573-46674A1B6B07}.Debug|x86.ActiveCfg = Debug|Any CPU
		{7F002F26-2CB7-4231-9573-46674A1B6B07}.Debug|x86.Build.0 = Debug|Any CPU
		{7F002F26-2CB7-4231-9573-46674A1B6B07}.Release|Any CPU.ActiveCfg = Release|Any CPU
		{7F002F26-2CB7-4231-9573-46674A1B6B07}.Release|Any CPU.Build.0 = Release|Any CPU
		{7F002F26-2CB7-4231-9573-46674A1B6B07}.Release|x64.ActiveCfg = Release|Any CPU
		{7F002F26-2CB7-4231-9573-46674A1B6B07}.Release|x64.Build.0 = Release|Any CPU
		{7F002F26-2CB7-4231-9573-46674A1B6B07}.Release|x86.ActiveCfg = Release|Any CPU
		{7F002F26-2CB7-4231-9573-46674A1B6B07}.Release|x86.Build.0 = Release|Any CPU
		{AC9FD5B0-EBB0-448C-851A-5C9FBA788127}.Debug|Any CPU.ActiveCfg = Debug|Any CPU
		{AC9FD5B0-EBB0-448C-851A-5C9FBA788127}.Debug|Any CPU.Build.0 = Debug|Any CPU
		{AC9FD5B0-EBB0-448C-851A-5C9FBA788127}.Debug|x64.ActiveCfg = Debug|Any CPU
		{AC9FD5B0-EBB0-448C-851A-5C9FBA788127}.Debug|x64.Build.0 = Debug|Any CPU
		{AC9FD5B0-EBB0-448C-851A-5C9FBA788127}.Debug|x86.ActiveCfg = Debug|Any CPU
		{AC9FD5B0-EBB0-448C-851A-5C9FBA788127}.Debug|x86.Build.0 = Debug|Any CPU
		{AC9FD5B0-EBB0-448C-851A-5C9FBA788127}.Release|Any CPU.ActiveCfg = Release|Any CPU
		{AC9FD5B0-EBB0-448C-851A-5C9FBA788127}.Release|Any CPU.Build.0 = Release|Any CPU
		{AC9FD5B0-EBB0-448C-851A-5C9FBA788127}.Release|x64.ActiveCfg = Release|Any CPU
		{AC9FD5B0-EBB0-448C-851A-5C9FBA788127}.Release|x64.Build.0 = Release|Any CPU
		{AC9FD5B0-EBB0-448C-851A-5C9FBA788127}.Release|x86.ActiveCfg = Release|Any CPU
		{AC9FD5B0-EBB0-448C-851A-5C9FBA788127}.Release|x86.Build.0 = Release|Any CPU
	EndGlobalSection
EndGlobal
